{
  "meteor": {
    "git": "https://github.com/meteor/meteor.git",
    "branch": "master",
    "commit": "0ffea1c4c308ed24906984f99b13b8fca5a0956c"
  },
  "dependencies": {
    "basePackages": {
      "router": {
        "path": ""
      }
    },
    "packages": {
      "router": {
        "path": ""
      },
      "page-js-ie-support": {
        "git": "https://github.com/tmeasday/meteor-page-js-ie-support.git",
        "tag": "v1.3.5",
        "commit": "b99ed8380aefd10b2afc8f18d9eed4dd0d8ea9cb"
      }
    }
  }
}
