{
  "meteor": {
    "git": "https://github.com/meteor/meteor.git",
    "branch": "master",
    "commit": "2d8b41a87cec884489ead138b5dfea31487363f3"
  },
  "dependencies": {
    "basePackages": {
      "router": {
        "path": ""
      }
    },
    "packages": {
      "router": {
        "path": ""
      },
      "page-js-ie-support": {
        "git": "https://github.com/tmeasday/meteor-page-js-ie-support.git",
        "tag": "v1.3.4",
        "commit": "5031de09f0cee401f4caffbfc4a9c9ed6f86fb46"
      }
    }
  }
}
