{
  "meteor": {
    "git": "https://github.com/meteor/meteor.git",
    "branch": "master",
    "commit": "4d98d8cb4e5a95e9e98953f44c872c9332a042a3"
  },
  "dependencies": {
    "basePackages": {
      "router": {
        "path": "../.."
      }
    },
    "packages": {
      "router": {
        "path": "../.."
      },
      "page-js": {
        "git": "https://github.com/tmeasday/meteor-page-js-ie-support.git",
        "branch": "master",
        "commit": "5031de09f0cee401f4caffbfc4a9c9ed6f86fb46"
      }
    }
  }
}
