{
  "meteor": {
    "git": "https://github.com/meteor/meteor.git",
    "branch": "master",
    "commit": "2d8b41a87cec884489ead138b5dfea31487363f3"
  },
  "dependencies": {
    "basePackages": {
      "HTML5-History-API": {},
      "router": {
        "path": "../.."
      }
    },
    "packages": {
      "HTML5-History-API": {
        "git": "https://github.com/tmeasday/meteor-HTML5-History-API.git",
        "tag": "v0.1.1",
        "commit": "05f29877a6b2c7e34e3bb2a031bc09380f748fdb"
      },
      "router": {
        "path": "../.."
      },
      "page-js-ie-support": {
        "git": "https://github.com/tmeasday/meteor-page-js-ie-support.git",
        "tag": "v1.3.4",
        "commit": "5031de09f0cee401f4caffbfc4a9c9ed6f86fb46"
      }
    }
  }
}
