{
  "meteor": {
    "git": "https://github.com/meteor/meteor.git",
    "branch": "master",
    "commit": "f07715dc70de16a7aab84e56ab0c6cbd9c1f9dc6"
  },
  "dependencies": {
    "basePackages": {
      "HTML5-History-API": {},
      "router": {
        "path": "../.."
      }
    },
    "packages": {
      "HTML5-History-API": {
        "git": "https://github.com/tmeasday/meteor-HTML5-History-API.git",
        "tag": "v0.1.2",
        "commit": "72333bfa71ae1ca75243085e83200eef40818088"
      },
      "router": {
        "path": "../.."
      },
      "page-js-ie-support": {
        "git": "https://github.com/tmeasday/meteor-page-js-ie-support.git",
        "tag": "v1.3.5",
        "commit": "b99ed8380aefd10b2afc8f18d9eed4dd0d8ea9cb"
      }
    }
  }
}
